// !$*UTF8*$!
{
	archiveVersion = 1;
	classes = {
	};
	objectVersion = 48;
	objects = {

/* Begin PBXBuildFile section */
		D90E4B321FC1AE6D0099E867 /* AppDelegate.swift in Sources */ = {isa = PBXBuildFile; fileRef = D90E4B311FC1AE6D0099E867 /* AppDelegate.swift */; };
		D90E4B371FC1AE6D0099E867 /* Main.storyboard in Resources */ = {isa = PBXBuildFile; fileRef = D90E4B351FC1AE6D0099E867 /* Main.storyboard */; };
		D90E4B391FC1AE6D0099E867 /* Assets.xcassets in Resources */ = {isa = PBXBuildFile; fileRef = D90E4B381FC1AE6D0099E867 /* Assets.xcassets */; };
		D90E4B3C1FC1AE6D0099E867 /* LaunchScreen.storyboard in Resources */ = {isa = PBXBuildFile; fileRef = D90E4B3A1FC1AE6D0099E867 /* LaunchScreen.storyboard */; };
		D90E4B441FC1B49B0099E867 /* UsersViewController.swift in Sources */ = {isa = PBXBuildFile; fileRef = D90E4B431FC1B49B0099E867 /* UsersViewController.swift */; };
		D90E4B481FC1B5760099E867 /* DataManager.swift in Sources */ = {isa = PBXBuildFile; fileRef = D90E4B461FC1B5750099E867 /* DataManager.swift */; };
		D90E4B491FC1B5760099E867 /* User.swift in Sources */ = {isa = PBXBuildFile; fileRef = D90E4B471FC1B5760099E867 /* User.swift */; };
		D90E4B4C1FC1B7210099E867 /* UIImage + Extension.swift in Sources */ = {isa = PBXBuildFile; fileRef = D90E4B4B1FC1B7210099E867 /* UIImage + Extension.swift */; };
		D90E4B501FC1B87D0099E867 /* UserTableViewCell.swift in Sources */ = {isa = PBXBuildFile; fileRef = D90E4B4F1FC1B87D0099E867 /* UserTableViewCell.swift */; };
		D90E4B521FC1D2260099E867 /* UserDetailsViewController.swift in Sources */ = {isa = PBXBuildFile; fileRef = D90E4B511FC1D2260099E867 /* UserDetailsViewController.swift */; };
		D9FAE7111FC1ED44000006C8 /* Notification + Extension.swift in Sources */ = {isa = PBXBuildFile; fileRef = D9FAE7101FC1ED44000006C8 /* Notification + Extension.swift */; };
/* End PBXBuildFile section */

/* Begin PBXFileReference section */
		D90E4B2E1FC1AE6D0099E867 /* Book.app */ = {isa = PBXFileReference; explicitFileType = wrapper.application; includeInIndex = 0; path = Book.app; sourceTree = BUILT_PRODUCTS_DIR; };
		D90E4B311FC1AE6D0099E867 /* AppDelegate.swift */ = {isa = PBXFileReference; lastKnownFileType = sourcecode.swift; path = AppDelegate.swift; sourceTree = "<group>"; };
		D90E4B361FC1AE6D0099E867 /* Base */ = {isa = PBXFileReference; lastKnownFileType = file.storyboard; name = Base; path = Base.lproj/Main.storyboard; sourceTree = "<group>"; };
		D90E4B381FC1AE6D0099E867 /* Assets.xcassets */ = {isa = PBXFileReference; lastKnownFileType = folder.assetcatalog; path = Assets.xcassets; sourceTree = "<group>"; };
		D90E4B3B1FC1AE6D0099E867 /* Base */ = {isa = PBXFileReference; lastKnownFileType = file.storyboard; name = Base; path = Base.lproj/LaunchScreen.storyboard; sourceTree = "<group>"; };
		D90E4B3D1FC1AE6D0099E867 /* Info.plist */ = {isa = PBXFileReference; lastKnownFileType = text.plist.xml; path = Info.plist; sourceTree = "<group>"; };
		D90E4B431FC1B49B0099E867 /* UsersViewController.swift */ = {isa = PBXFileReference; lastKnownFileType = sourcecode.swift; path = UsersViewController.swift; sourceTree = "<group>"; };
		D90E4B461FC1B5750099E867 /* DataManager.swift */ = {isa = PBXFileReference; fileEncoding = 4; lastKnownFileType = sourcecode.swift; path = DataManager.swift; sourceTree = "<group>"; };
		D90E4B471FC1B5760099E867 /* User.swift */ = {isa = PBXFileReference; fileEncoding = 4; lastKnownFileType = sourcecode.swift; path = User.swift; sourceTree = "<group>"; };
		D90E4B4B1FC1B7210099E867 /* UIImage + Extension.swift */ = {isa = PBXFileReference; fileEncoding = 4; lastKnownFileType = sourcecode.swift; path = "UIImage + Extension.swift"; sourceTree = "<group>"; };
		D90E4B4F1FC1B87D0099E867 /* UserTableViewCell.swift */ = {isa = PBXFileReference; lastKnownFileType = sourcecode.swift; path = UserTableViewCell.swift; sourceTree = "<group>"; };
		D90E4B511FC1D2260099E867 /* UserDetailsViewController.swift */ = {isa = PBXFileReference; lastKnownFileType = sourcecode.swift; path = UserDetailsViewController.swift; sourceTree = "<group>"; };
		D9FAE7101FC1ED44000006C8 /* Notification + Extension.swift */ = {isa = PBXFileReference; lastKnownFileType = sourcecode.swift; path = "Notification + Extension.swift"; sourceTree = "<group>"; };
/* End PBXFileReference section */

/* Begin PBXFrameworksBuildPhase section */
		D90E4B2B1FC1AE6D0099E867 /* Frameworks */ = {
			isa = PBXFrameworksBuildPhase;
			buildActionMask = 2147483647;
			files = (
			);
			runOnlyForDeploymentPostprocessing = 0;
		};
/* End PBXFrameworksBuildPhase section */

/* Begin PBXGroup section */
		D90E4B251FC1AE6D0099E867 = {
			isa = PBXGroup;
			children = (
				D90E4B301FC1AE6D0099E867 /* Book */,
				D90E4B2F1FC1AE6D0099E867 /* Products */,
			);
			sourceTree = "<group>";
		};
		D90E4B2F1FC1AE6D0099E867 /* Products */ = {
			isa = PBXGroup;
			children = (
				D90E4B2E1FC1AE6D0099E867 /* Book.app */,
			);
			name = Products;
			sourceTree = "<group>";
		};
		D90E4B301FC1AE6D0099E867 /* Book */ = {
			isa = PBXGroup;
			children = (
				D90E4B4E1FC1B73A0099E867 /* Controller */,
				D90E4B4D1FC1B7300099E867 /* View */,
				D90E4B4A1FC1B6EC0099E867 /* Extensions */,
				D90E4B451FC1B53C0099E867 /* Model */,
				D90E4B311FC1AE6D0099E867 /* AppDelegate.swift */,
				D90E4B351FC1AE6D0099E867 /* Main.storyboard */,
				D90E4B381FC1AE6D0099E867 /* Assets.xcassets */,
				D90E4B3A1FC1AE6D0099E867 /* LaunchScreen.storyboard */,
				D90E4B3D1FC1AE6D0099E867 /* Info.plist */,
			);
			path = Book;
			sourceTree = "<group>";
		};
		D90E4B451FC1B53C0099E867 /* Model */ = {
			isa = PBXGroup;
			children = (
				D90E4B461FC1B5750099E867 /* DataManager.swift */,
				D90E4B471FC1B5760099E867 /* User.swift */,
			);
			path = Model;
			sourceTree = "<group>";
		};
		D90E4B4A1FC1B6EC0099E867 /* Extensions */ = {
			isa = PBXGroup;
			children = (
				D90E4B4B1FC1B7210099E867 /* UIImage + Extension.swift */,
				D9FAE7101FC1ED44000006C8 /* Notification + Extension.swift */,
			);
			path = Extensions;
			sourceTree = "<group>";
		};
		D90E4B4D1FC1B7300099E867 /* View */ = {
			isa = PBXGroup;
			children = (
				D90E4B4F1FC1B87D0099E867 /* UserTableViewCell.swift */,
			);
			path = View;
			sourceTree = "<group>";
		};
		D90E4B4E1FC1B73A0099E867 /* Controller */ = {
			isa = PBXGroup;
			children = (
				D90E4B431FC1B49B0099E867 /* UsersViewController.swift */,
				D90E4B511FC1D2260099E867 /* UserDetailsViewController.swift */,
			);
			path = Controller;
			sourceTree = "<group>";
		};
/* End PBXGroup section */

/* Begin PBXNativeTarget section */
		D90E4B2D1FC1AE6D0099E867 /* Book */ = {
			isa = PBXNativeTarget;
			buildConfigurationList = D90E4B401FC1AE6D0099E867 /* Build configuration list for PBXNativeTarget "Book" */;
			buildPhases = (
				D90E4B2A1FC1AE6D0099E867 /* Sources */,
				D90E4B2B1FC1AE6D0099E867 /* Frameworks */,
				D90E4B2C1FC1AE6D0099E867 /* Resources */,
			);
			buildRules = (
			);
			dependencies = (
			);
			name = Book;
			productName = Book;
			productReference = D90E4B2E1FC1AE6D0099E867 /* Book.app */;
			productType = "com.apple.product-type.application";
		};
/* End PBXNativeTarget section */

/* Begin PBXProject section */
		D90E4B261FC1AE6D0099E867 /* Project object */ = {
			isa = PBXProject;
			attributes = {
				LastSwiftUpdateCheck = 0910;
				LastUpgradeCheck = 0910;
				ORGANIZATIONNAME = "Alexandr Voronoy";
				TargetAttributes = {
					D90E4B2D1FC1AE6D0099E867 = {
						CreatedOnToolsVersion = 9.1;
						ProvisioningStyle = Automatic;
					};
				};
			};
			buildConfigurationList = D90E4B291FC1AE6D0099E867 /* Build configuration list for PBXProject "Book" */;
			compatibilityVersion = "Xcode 8.0";
			developmentRegion = en;
			hasScannedForEncodings = 0;
			knownRegions = (
				en,
				Base,
			);
			mainGroup = D90E4B251FC1AE6D0099E867;
			productRefGroup = D90E4B2F1FC1AE6D0099E867 /* Products */;
			projectDirPath = "";
			projectRoot = "";
			targets = (
				D90E4B2D1FC1AE6D0099E867 /* Book */,
			);
		};
/* End PBXProject section */

/* Begin PBXResourcesBuildPhase section */
		D90E4B2C1FC1AE6D0099E867 /* Resources */ = {
			isa = PBXResourcesBuildPhase;
			buildActionMask = 2147483647;
			files = (
				D90E4B3C1FC1AE6D0099E867 /* LaunchScreen.storyboard in Resources */,
				D90E4B391FC1AE6D0099E867 /* Assets.xcassets in Resources */,
				D90E4B371FC1AE6D0099E867 /* Main.storyboard in Resources */,
			);
			runOnlyForDeploymentPostprocessing = 0;
		};
/* End PBXResourcesBuildPhase section */

/* Begin PBXSourcesBuildPhase section */
		D90E4B2A1FC1AE6D0099E867 /* Sources */ = {
			isa = PBXSourcesBuildPhase;
			buildActionMask = 2147483647;
			files = (
				D9FAE7111FC1ED44000006C8 /* Notification + Extension.swift in Sources */,
				D90E4B491FC1B5760099E867 /* User.swift in Sources */,
				D90E4B321FC1AE6D0099E867 /* AppDelegate.swift in Sources */,
				D90E4B481FC1B5760099E867 /* DataManager.swift in Sources */,
				D90E4B4C1FC1B7210099E867 /* UIImage + Extension.swift in Sources */,
				D90E4B521FC1D2260099E867 /* UserDetailsViewController.swift in Sources */,
				D90E4B501FC1B87D0099E867 /* UserTableViewCell.swift in Sources */,
				D90E4B441FC1B49B0099E867 /* UsersViewController.swift in Sources */,
			);
			runOnlyForDeploymentPostprocessing = 0;
		};
/* End PBXSourcesBuildPhase section */

/* Begin PBXVariantGroup section */
		D90E4B351FC1AE6D0099E867 /* Main.storyboard */ = {
			isa = PBXVariantGroup;
			children = (
				D90E4B361FC1AE6D0099E867 /* Base */,
			);
			name = Main.storyboard;
			sourceTree = "<group>";
		};
		D90E4B3A1FC1AE6D0099E867 /* LaunchScreen.storyboard */ = {
			isa = PBXVariantGroup;
			children = (
				D90E4B3B1FC1AE6D0099E867 /* Base */,
			);
			name = LaunchScreen.storyboard;
			sourceTree = "<group>";
		};
/* End PBXVariantGroup section */

/* Begin XCBuildConfiguration section */
		D90E4B3E1FC1AE6D0099E867 /* Debug */ = {
			isa = XCBuildConfiguration;
			buildSettings = {
				ALWAYS_SEARCH_USER_PATHS = NO;
				CLANG_ANALYZER_NONNULL = YES;
				CLANG_ANALYZER_NUMBER_OBJECT_CONVERSION = YES_AGGRESSIVE;
				CLANG_CXX_LANGUAGE_STANDARD = "gnu++14";
				CLANG_CXX_LIBRARY = "libc++";
				CLANG_ENABLE_MODULES = YES;
				CLANG_ENABLE_OBJC_ARC = YES;
				CLANG_WARN_BLOCK_CAPTURE_AUTORELEASING = YES;
				CLANG_WARN_BOOL_CONVERSION = YES;
				CLANG_WARN_COMMA = YES;
				CLANG_WARN_CONSTANT_CONVERSION = YES;
				CLANG_WARN_DIRECT_OBJC_ISA_USAGE = YES_ERROR;
				CLANG_WARN_DOCUMENTATION_COMMENTS = YES;
				CLANG_WARN_EMPTY_BODY = YES;
				CLANG_WARN_ENUM_CONVERSION = YES;
				CLANG_WARN_INFINITE_RECURSION = YES;
				CLANG_WARN_INT_CONVERSION = YES;
				CLANG_WARN_NON_LITERAL_NULL_CONVERSION = YES;
				CLANG_WARN_OBJC_LITERAL_CONVERSION = YES;
				CLANG_WARN_OBJC_ROOT_CLASS = YES_ERROR;
				CLANG_WARN_RANGE_LOOP_ANALYSIS = YES;
				CLANG_WARN_STRICT_PROTOTYPES = YES;
				CLANG_WARN_SUSPICIOUS_MOVE = YES;
				CLANG_WARN_UNGUARDED_AVAILABILITY = YES_AGGRESSIVE;
				CLANG_WARN_UNREACHABLE_CODE = YES;
				CLANG_WARN__DUPLICATE_METHOD_MATCH = YES;
				CODE_SIGN_IDENTITY = "iPhone Developer";
				COPY_PHASE_STRIP = NO;
				DEBUG_INFORMATION_FORMAT = dwarf;
				ENABLE_STRICT_OBJC_MSGSEND = YES;
				ENABLE_TESTABILITY = YES;
				GCC_C_LANGUAGE_STANDARD = gnu11;
				GCC_DYNAMIC_NO_PIC = NO;
				GCC_NO_COMMON_BLOCKS = YES;
				GCC_OPTIMIZATION_LEVEL = 0;
				GCC_PREPROCESSOR_DEFINITIONS = (
					"DEBUG=1",
					"$(inherited)",
				);
				GCC_WARN_64_TO_32_BIT_CONVERSION = YES;
				GCC_WARN_ABOUT_RETURN_TYPE = YES_ERROR;
				GCC_WARN_UNDECLARED_SELECTOR = YES;
				GCC_WARN_UNINITIALIZED_AUTOS = YES_AGGRESSIVE;
				GCC_WARN_UNUSED_FUNCTION = YES;
				GCC_WARN_UNUSED_VARIABLE = YES;
				IPHONEOS_DEPLOYMENT_TARGET = 11.1;
				MTL_ENABLE_DEBUG_INFO = YES;
				ONLY_ACTIVE_ARCH = YES;
				SDKROOT = iphoneos;
				SWIFT_ACTIVE_COMPILATION_CONDITIONS = DEBUG;
				SWIFT_OPTIMIZATION_LEVEL = "-Onone";
			};
			name = Debug;
		};
		D90E4B3F1FC1AE6D0099E867 /* Release */ = {
			isa = XCBuildConfiguration;
			buildSettings = {
				ALWAYS_SEARCH_USER_PATHS = NO;
				CLANG_ANALYZER_NONNULL = YES;
				CLANG_ANALYZER_NUMBER_OBJECT_CONVERSION = YES_AGGRESSIVE;
				CLANG_CXX_LANGUAGE_STANDARD = "gnu++14";
				CLANG_CXX_LIBRARY = "libc++";
				CLANG_ENABLE_MODULES = YES;
				CLANG_ENABLE_OBJC_ARC = YES;
				CLANG_WARN_BLOCK_CAPTURE_AUTORELEASING = YES;
				CLANG_WARN_BOOL_CONVERSION = YES;
				CLANG_WARN_COMMA = YES;
				CLANG_WARN_CONSTANT_CONVERSION = YES;
				CLANG_WARN_DIRECT_OBJC_ISA_USAGE = YES_ERROR;
				CLANG_WARN_DOCUMENTATION_COMMENTS = YES;
				CLANG_WARN_EMPTY_BODY = YES;
				CLANG_WARN_ENUM_CONVERSION = YES;
				CLANG_WARN_INFINITE_RECURSION = YES;
				CLANG_WARN_INT_CONVERSION = YES;
				CLANG_WARN_NON_LITERAL_NULL_CONVERSION = YES;
				CLANG_WARN_OBJC_LITERAL_CONVERSION = YES;
				CLANG_WARN_OBJC_ROOT_CLASS = YES_ERROR;
				CLANG_WARN_RANGE_LOOP_ANALYSIS = YES;
				CLANG_WARN_STRICT_PROTOTYPES = YES;
				CLANG_WARN_SUSPICIOUS_MOVE = YES;
				CLANG_WARN_UNGUARDED_AVAILABILITY = YES_AGGRESSIVE;
				CLANG_WARN_UNREACHABLE_CODE = YES;
				CLANG_WARN__DUPLICATE_METHOD_MATCH = YES;
				CODE_SIGN_IDENTITY = "iPhone Developer";
				COPY_PHASE_STRIP = NO;
				DEBUG_INFORMATION_FORMAT = "dwarf-with-dsym";
				ENABLE_NS_ASSERTIONS = NO;
				ENABLE_STRICT_OBJC_MSGSEND = YES;
				GCC_C_LANGUAGE_STANDARD = gnu11;
				GCC_NO_COMMON_BLOCKS = YES;
				GCC_WARN_64_TO_32_BIT_CONVERSION = YES;
				GCC_WARN_ABOUT_RETURN_TYPE = YES_ERROR;
				GCC_WARN_UNDECLARED_SELECTOR = YES;
				GCC_WARN_UNINITIALIZED_AUTOS = YES_AGGRESSIVE;
				GCC_WARN_UNUSED_FUNCTION = YES;
				GCC_WARN_UNUSED_VARIABLE = YES;
				IPHONEOS_DEPLOYMENT_TARGET = 11.1;
				MTL_ENABLE_DEBUG_INFO = NO;
				SDKROOT = iphoneos;
				SWIFT_OPTIMIZATION_LEVEL = "-Owholemodule";
				VALIDATE_PRODUCT = YES;
			};
			name = Release;
		};
		D90E4B411FC1AE6D0099E867 /* Debug */ = {
			isa = XCBuildConfiguration;
			buildSettings = {
				ASSETCATALOG_COMPILER_APPICON_NAME = AppIcon;
				CODE_SIGN_STYLE = Automatic;
				DEVELOPMENT_TEAM = 7BD3P7PLWE;
				INFOPLIST_FILE = Book/Info.plist;
				LD_RUNPATH_SEARCH_PATHS = "$(inherited) @executable_path/Frameworks";
				PRODUCT_BUNDLE_IDENTIFIER = VerySecretOrganization.Book;
				PRODUCT_NAME = "$(TARGET_NAME)";
				SWIFT_VERSION = 4.0;
				TARGETED_DEVICE_FAMILY = "1,2";
			};
			name = Debug;
		};
		D90E4B421FC1AE6D0099E867 /* Release */ = {
			isa = XCBuildConfiguration;
			buildSettings = {
				ASSETCATALOG_COMPILER_APPICON_NAME = AppIcon;
				CODE_SIGN_STYLE = Automatic;
				DEVELOPMENT_TEAM = 7BD3P7PLWE;
				INFOPLIST_FILE = Book/Info.plist;
				LD_RUNPATH_SEARCH_PATHS = "$(inherited) @executable_path/Frameworks";
				PRODUCT_BUNDLE_IDENTIFIER = VerySecretOrganization.Book;
				PRODUCT_NAME = "$(TARGET_NAME)";
				SWIFT_VERSION = 4.0;
				TARGETED_DEVICE_FAMILY = "1,2";
			};
			name = Release;
		};
/* End XCBuildConfiguration section */

/* Begin XCConfigurationList section */
		D90E4B291FC1AE6D0099E867 /* Build configuration list for PBXProject "Book" */ = {
			isa = XCConfigurationList;
			buildConfigurations = (
				D90E4B3E1FC1AE6D0099E867 /* Debug */,
				D90E4B3F1FC1AE6D0099E867 /* Release */,
			);
			defaultConfigurationIsVisible = 0;
			defaultConfigurationName = Release;
		};
		D90E4B401FC1AE6D0099E867 /* Build configuration list for PBXNativeTarget "Book" */ = {
			isa = XCConfigurationList;
			buildConfigurations = (
				D90E4B411FC1AE6D0099E867 /* Debug */,
				D90E4B421FC1AE6D0099E867 /* Release */,
			);
			defaultConfigurationIsVisible = 0;
			defaultConfigurationName = Release;
		};
/* End XCConfigurationList section */
	};
	rootObject = D90E4B261FC1AE6D0099E867 /* Project object */;
}
